
Microsoft Visual Studio Solution File, Format Version 12.00
# Visual Studio Version 16
VisualStudioVersion = 25.0.1706.9
MinimumVisualStudioVersion = 10.0.40219.1
Project("{FAE04EC0-301F-11D3-BF4B-00C04F79EFBC}") = "MSTest-browserstack", "MSTest-browserstack\MSTest-browserstack.csproj", "{F92F86C7-EE70-42F4-BCFF-8C381931A84B}"
EndProject
Global
	GlobalSection(SolutionConfigurationPlatforms) = preSolution
		Debug|Any CPU = Debug|Any CPU
		Release|Any CPU = Release|Any CPU
	EndGlobalSection
	GlobalSection(ProjectConfigurationPlatforms) = postSolution
		{F92F86C7-EE70-42F4-BCFF-8C381931A84B}.Debug|Any CPU.ActiveCfg = Debug|Any CPU
		{F92F86C7-EE70-42F4-BCFF-8C381931A84B}.Debug|Any CPU.Build.0 = Debug|Any CPU
		{F92F86C7-EE70-42F4-BCFF-8C381931A84B}.Release|Any CPU.ActiveCfg = Release|Any CPU
		{F92F86C7-EE70-42F4-BCFF-8C381931A84B}.Release|Any CPU.Build.0 = Release|Any CPU
	EndGlobalSection
	GlobalSection(SolutionProperties) = preSolution
		HideSolutionNode = FALSE
	EndGlobalSection
	GlobalSection(ExtensibilityGlobals) = postSolution
		SolutionGuid = {CB353422-BC8E-4377-9046-0BF8629AF053}
	EndGlobalSection
EndGlobal
